
Microsoft Visual Studio Solution File, Format Version 12.00
# Visual Studio Version 17
VisualStudioVersion = 17.2.32630.192
MinimumVisualStudioVersion = 10.0.40219.1
Project("{FAE04EC0-301F-11D3-BF4B-00C04F79EFBC}") = "Owo Da App", "Owo Da App\Owo Da App.csproj", "{0BCB174C-B508-4EE7-9BBB-2A087FCB2204}"
EndProject
Global
	GlobalSection(SolutionConfigurationPlatforms) = preSolution
		Debug|Any CPU = Debug|Any CPU
		Release|Any CPU = Release|Any CPU
	EndGlobalSection
	GlobalSection(ProjectConfigurationPlatforms) = postSolution
		{0BCB174C-B508-4EE7-9BBB-2A087FCB2204}.Debug|Any CPU.ActiveCfg = Debug|Any CPU
		{0BCB174C-B508-4EE7-9BBB-2A087FCB2204}.Debug|Any CPU.Build.0 = Debug|Any CPU
		{0BCB174C-B508-4EE7-9BBB-2A087FCB2204}.Release|Any CPU.ActiveCfg = Release|Any CPU
		{0BCB174C-B508-4EE7-9BBB-2A087FCB2204}.Release|Any CPU.Build.0 = Release|Any CPU
	EndGlobalSection
	GlobalSection(SolutionProperties) = preSolution
		HideSolutionNode = FALSE
	EndGlobalSection
	GlobalSection(ExtensibilityGlobals) = postSolution
		SolutionGuid = {778D222D-2DE0-4CFD-958D-2E84960DE9EE}
	EndGlobalSection
EndGlobal
